{
  "name": "lottie-player",
  "version": "0.0.1",
  "lockfileVersion": 1,
  "requires": true,
  "dependencies": {
    "@stencil/core": {
      "version": "1.5.4",
      "resolved": "https://registry.npmjs.org/@stencil/core/-/core-1.5.4.tgz",
      "integrity": "sha512-DReXOvKYr34b0uzg/AncMAnSP99QvS2Zj+VQ8WcZSy+UMLCzUm5myU4cXaw/ToUrlwnjr2sjOzmnIBRUfiQ2qg==",
      "dev": true,
      "requires": {
        "typescript": "3.6.3"
      }
    },
    "lottie-web": {
      "version": "5.5.9",
      "resolved": "https://registry.npmjs.org/lottie-web/-/lottie-web-5.5.9.tgz",
      "integrity": "sha512-3Zdxnuyi6WXnMj+0ZfwDd17EXCM87Hcbhd+sVFq6EPGfkVoGzoIkZt9OafcgXw4mzjyILOkPDLaBumrgGKoCaw=="
    },
    "typescript": {
      "version": "3.6.3",
      "resolved": "https://registry.npmjs.org/typescript/-/typescript-3.6.3.tgz",
      "integrity": "sha512-N7bceJL1CtRQ2RiG0AQME13ksR7DiuQh/QehubYcghzv20tnh+MQnQIuJddTmsbqYj+dztchykemz0zFzlvdQw==",
      "dev": true
    }
  }
}
